
Microsoft Visual Studio Solution File, Format Version 12.00
# Visual Studio Version 17
VisualStudioVersion = 17.10.34928.147
MinimumVisualStudioVersion = 10.0.40219.1
Project("{2150E333-8FDC-42A3-9474-1A3956D46DE8}") = "src", "src", "{FAC18B5B-32A3-461B-8431-75A3C34CCE5A}"
EndProject
Project("{2150E333-8FDC-42A3-9474-1A3956D46DE8}") = "tests", "tests", "{A2800E45-4D6A-466C-A8A0-B0CA5202E1AC}"
EndProject
Project("{2150E333-8FDC-42A3-9474-1A3956D46DE8}") = "corePackages", "corePackages", "{CF9334CB-0F1E-474B-AE4A-17854C6A2539}"
EndProject
Project("{2150E333-8FDC-42A3-9474-1A3956D46DE8}") = "messagingApp", "messagingApp", "{F4C4B2E1-9254-4B0C-9507-B6EE8C930DB5}"
EndProject
Project("{9A19103F-16F7-4668-BE54-9A1E7A4F7556}") = "WebMVC", "src\messagingApp\WebMVC\WebMVC.csproj", "{8D7C062A-495F-45E9-8D13-C6A7C3BFAD1F}"
EndProject
Project("{9A19103F-16F7-4668-BE54-9A1E7A4F7556}") = "WebAPI", "src\messagingApp\WebAPI\WebAPI.csproj", "{9799D2D6-2FC5-44F7-AC0C-DD12BEAEA284}"
EndProject
Project("{9A19103F-16F7-4668-BE54-9A1E7A4F7556}") = "Domain", "src\messagingApp\Domain\Domain.csproj", "{666BB2F5-EA3A-41C5-A255-74CD91052968}"
EndProject
Project("{9A19103F-16F7-4668-BE54-9A1E7A4F7556}") = "Application", "src\messagingApp\Application\Application.csproj", "{70A1ADCB-FB3E-4633-9B72-34B0E588CCD6}"
EndProject
Project("{9A19103F-16F7-4668-BE54-9A1E7A4F7556}") = "Persistence", "src\messagingApp\Persistence\Persistence.csproj", "{7CA8586A-B78C-41A9-981F-E8A1F1642EC1}"
EndProject
Project("{9A19103F-16F7-4668-BE54-9A1E7A4F7556}") = "Infrastructure", "src\messagingApp\Infrastructure\Infrastructure.csproj", "{BCBCAE89-F5AE-4F08-8DA9-B6DD9B73B9F5}"
EndProject
Project("{9A19103F-16F7-4668-BE54-9A1E7A4F7556}") = "Core.Application", "src\corePackages\Core.Application\Core.Application.csproj", "{01763C86-6EF2-4220-815A-69F867954929}"
EndProject
Project("{9A19103F-16F7-4668-BE54-9A1E7A4F7556}") = "Core.Persistence", "src\corePackages\Core.Persistence\Core.Persistence.csproj", "{085AE427-DF13-42B1-8CFA-7FD3527DFC3B}"
EndProject
Project("{2150E333-8FDC-42A3-9474-1A3956D46DE8}") = "external_services", "external_services", "{33E4BB0F-D2D9-40CF-917D-FCB93549636C}"
EndProject
Project("{9A19103F-16F7-4668-BE54-9A1E7A4F7556}") = "FileAPI", "external_services\FileAPI\FileAPI.csproj", "{F3860E3C-0E9F-41B4-98C2-0DDE36B90A1E}"
EndProject
Project("{FAE04EC0-301F-11D3-BF4B-00C04F79EFBC}") = "Core.Exception", "src\corePackages\Core.Exception\Core.Exception.csproj", "{3C7B395A-936F-41D4-B504-DD33A6348A8D}"
EndProject
Global
	GlobalSection(SolutionConfigurationPlatforms) = preSolution
		Debug|Any CPU = Debug|Any CPU
		Release|Any CPU = Release|Any CPU
	EndGlobalSection
	GlobalSection(ProjectConfigurationPlatforms) = postSolution
		{8D7C062A-495F-45E9-8D13-C6A7C3BFAD1F}.Debug|Any CPU.ActiveCfg = Debug|Any CPU
		{8D7C062A-495F-45E9-8D13-C6A7C3BFAD1F}.Debug|Any CPU.Build.0 = Debug|Any CPU
		{8D7C062A-495F-45E9-8D13-C6A7C3BFAD1F}.Release|Any CPU.ActiveCfg = Release|Any CPU
		{8D7C062A-495F-45E9-8D13-C6A7C3BFAD1F}.Release|Any CPU.Build.0 = Release|Any CPU
		{9799D2D6-2FC5-44F7-AC0C-DD12BEAEA284}.Debug|Any CPU.ActiveCfg = Debug|Any CPU
		{9799D2D6-2FC5-44F7-AC0C-DD12BEAEA284}.Debug|Any CPU.Build.0 = Debug|Any CPU
		{9799D2D6-2FC5-44F7-AC0C-DD12BEAEA284}.Release|Any CPU.ActiveCfg = Release|Any CPU
		{9799D2D6-2FC5-44F7-AC0C-DD12BEAEA284}.Release|Any CPU.Build.0 = Release|Any CPU
		{666BB2F5-EA3A-41C5-A255-74CD91052968}.Debug|Any CPU.ActiveCfg = Debug|Any CPU
		{666BB2F5-EA3A-41C5-A255-74CD91052968}.Debug|Any CPU.Build.0 = Debug|Any CPU
		{666BB2F5-EA3A-41C5-A255-74CD91052968}.Release|Any CPU.ActiveCfg = Release|Any CPU
		{666BB2F5-EA3A-41C5-A255-74CD91052968}.Release|Any CPU.Build.0 = Release|Any CPU
		{70A1ADCB-FB3E-4633-9B72-34B0E588CCD6}.Debug|Any CPU.ActiveCfg = Debug|Any CPU
		{70A1ADCB-FB3E-4633-9B72-34B0E588CCD6}.Debug|Any CPU.Build.0 = Debug|Any CPU
		{70A1ADCB-FB3E-4633-9B72-34B0E588CCD6}.Release|Any CPU.ActiveCfg = Release|Any CPU
		{70A1ADCB-FB3E-4633-9B72-34B0E588CCD6}.Release|Any CPU.Build.0 = Release|Any CPU
		{7CA8586A-B78C-41A9-981F-E8A1F1642EC1}.Debug|Any CPU.ActiveCfg = Debug|Any CPU
		{7CA8586A-B78C-41A9-981F-E8A1F1642EC1}.Debug|Any CPU.Build.0 = Debug|Any CPU
		{7CA8586A-B78C-41A9-981F-E8A1F1642EC1}.Release|Any CPU.ActiveCfg = Release|Any CPU
		{7CA8586A-B78C-41A9-981F-E8A1F1642EC1}.Release|Any CPU.Build.0 = Release|Any CPU
		{BCBCAE89-F5AE-4F08-8DA9-B6DD9B73B9F5}.Debug|Any CPU.ActiveCfg = Debug|Any CPU
		{BCBCAE89-F5AE-4F08-8DA9-B6DD9B73B9F5}.Debug|Any CPU.Build.0 = Debug|Any CPU
		{BCBCAE89-F5AE-4F08-8DA9-B6DD9B73B9F5}.Release|Any CPU.ActiveCfg = Release|Any CPU
		{BCBCAE89-F5AE-4F08-8DA9-B6DD9B73B9F5}.Release|Any CPU.Build.0 = Release|Any CPU
		{01763C86-6EF2-4220-815A-69F867954929}.Debug|Any CPU.ActiveCfg = Debug|Any CPU
		{01763C86-6EF2-4220-815A-69F867954929}.Debug|Any CPU.Build.0 = Debug|Any CPU
		{01763C86-6EF2-4220-815A-69F867954929}.Release|Any CPU.ActiveCfg = Release|Any CPU
		{01763C86-6EF2-4220-815A-69F867954929}.Release|Any CPU.Build.0 = Release|Any CPU
		{085AE427-DF13-42B1-8CFA-7FD3527DFC3B}.Debug|Any CPU.ActiveCfg = Debug|Any CPU
		{085AE427-DF13-42B1-8CFA-7FD3527DFC3B}.Debug|Any CPU.Build.0 = Debug|Any CPU
		{085AE427-DF13-42B1-8CFA-7FD3527DFC3B}.Release|Any CPU.ActiveCfg = Release|Any CPU
		{085AE427-DF13-42B1-8CFA-7FD3527DFC3B}.Release|Any CPU.Build.0 = Release|Any CPU
		{F3860E3C-0E9F-41B4-98C2-0DDE36B90A1E}.Debug|Any CPU.ActiveCfg = Debug|Any CPU
		{F3860E3C-0E9F-41B4-98C2-0DDE36B90A1E}.Debug|Any CPU.Build.0 = Debug|Any CPU
		{F3860E3C-0E9F-41B4-98C2-0DDE36B90A1E}.Release|Any CPU.ActiveCfg = Release|Any CPU
		{F3860E3C-0E9F-41B4-98C2-0DDE36B90A1E}.Release|Any CPU.Build.0 = Release|Any CPU
		{3C7B395A-936F-41D4-B504-DD33A6348A8D}.Debug|Any CPU.ActiveCfg = Debug|Any CPU
		{3C7B395A-936F-41D4-B504-DD33A6348A8D}.Debug|Any CPU.Build.0 = Debug|Any CPU
		{3C7B395A-936F-41D4-B504-DD33A6348A8D}.Release|Any CPU.ActiveCfg = Release|Any CPU
		{3C7B395A-936F-41D4-B504-DD33A6348A8D}.Release|Any CPU.Build.0 = Release|Any CPU
	EndGlobalSection
	GlobalSection(SolutionProperties) = preSolution
		HideSolutionNode = FALSE
	EndGlobalSection
	GlobalSection(NestedProjects) = preSolution
		{CF9334CB-0F1E-474B-AE4A-17854C6A2539} = {FAC18B5B-32A3-461B-8431-75A3C34CCE5A}
		{F4C4B2E1-9254-4B0C-9507-B6EE8C930DB5} = {FAC18B5B-32A3-461B-8431-75A3C34CCE5A}
		{8D7C062A-495F-45E9-8D13-C6A7C3BFAD1F} = {F4C4B2E1-9254-4B0C-9507-B6EE8C930DB5}
		{9799D2D6-2FC5-44F7-AC0C-DD12BEAEA284} = {F4C4B2E1-9254-4B0C-9507-B6EE8C930DB5}
		{666BB2F5-EA3A-41C5-A255-74CD91052968} = {F4C4B2E1-9254-4B0C-9507-B6EE8C930DB5}
		{70A1ADCB-FB3E-4633-9B72-34B0E588CCD6} = {F4C4B2E1-9254-4B0C-9507-B6EE8C930DB5}
		{7CA8586A-B78C-41A9-981F-E8A1F1642EC1} = {F4C4B2E1-9254-4B0C-9507-B6EE8C930DB5}
		{BCBCAE89-F5AE-4F08-8DA9-B6DD9B73B9F5} = {F4C4B2E1-9254-4B0C-9507-B6EE8C930DB5}
		{01763C86-6EF2-4220-815A-69F867954929} = {CF9334CB-0F1E-474B-AE4A-17854C6A2539}
		{085AE427-DF13-42B1-8CFA-7FD3527DFC3B} = {CF9334CB-0F1E-474B-AE4A-17854C6A2539}
		{F3860E3C-0E9F-41B4-98C2-0DDE36B90A1E} = {33E4BB0F-D2D9-40CF-917D-FCB93549636C}
		{3C7B395A-936F-41D4-B504-DD33A6348A8D} = {CF9334CB-0F1E-474B-AE4A-17854C6A2539}
	EndGlobalSection
	GlobalSection(ExtensibilityGlobals) = postSolution
		SolutionGuid = {047D640E-D60E-45CA-B4D2-B8AA7265D6F4}
	EndGlobalSection
EndGlobal
