
Microsoft Visual Studio Solution File, Format Version 12.00
# Visual Studio Version 17
VisualStudioVersion = 17.14.36221.1
MinimumVisualStudioVersion = 10.0.40219.1
Project("{2150E333-8FDC-42A3-9474-1A3956D46DE8}") = "corePackages", "corePackages", "{02EA681E-C7D8-13C7-8484-4AC65E1B71E8}"
EndProject
Project("{2150E333-8FDC-42A3-9474-1A3956D46DE8}") = "messagingApp", "messagingApp", "{1EE33261-28F4-4DF2-AB76-C89F3A7CEF98}"
EndProject
Project("{2150E333-8FDC-42A3-9474-1A3956D46DE8}") = "tests", "tests", "{CC821D59-4693-4393-9B18-F082CD5505C8}"
EndProject
Project("{2150E333-8FDC-42A3-9474-1A3956D46DE8}") = "src", "src", "{CAA0881E-4B67-433F-95A0-5BE4235361FA}"
EndProject
Project("{FAE04EC0-301F-11D3-BF4B-00C04F79EFBC}") = "Application", "src\messagingApp\Application\Application.csproj", "{013D18D2-3AFB-4DBB-A341-C5A27C05BC77}"
EndProject
Project("{FAE04EC0-301F-11D3-BF4B-00C04F79EFBC}") = "Persistence", "src\messagingApp\Persistence\Persistence.csproj", "{13E31557-9ADD-4D44-B381-35C5A2DE8DBA}"
EndProject
Project("{FAE04EC0-301F-11D3-BF4B-00C04F79EFBC}") = "Domain", "src\messagingApp\Domain\Domain.csproj", "{2F3C7ED6-19EC-4F5A-AECF-F65982BFA885}"
EndProject
Project("{FAE04EC0-301F-11D3-BF4B-00C04F79EFBC}") = "Infrastructure", "src\messagingApp\Infrastructure\Infrastructure.csproj", "{0D8E426A-D51F-4CB7-B98B-C1712B1262F3}"
EndProject
Project("{FAE04EC0-301F-11D3-BF4B-00C04F79EFBC}") = "WebMVC", "src\messagingApp\WebMVC\WebMVC.csproj", "{627662E7-C3F4-47DE-9AE1-CBBE2DB0EBB0}"
EndProject
Project("{FAE04EC0-301F-11D3-BF4B-00C04F79EFBC}") = "Core", "src\corePackages\Core\Core.csproj", "{7B4E1AFB-5644-4957-9F74-5BFFFAA193BF}"
EndProject
Global
	GlobalSection(SolutionConfigurationPlatforms) = preSolution
		Debug|Any CPU = Debug|Any CPU
		Release|Any CPU = Release|Any CPU
	EndGlobalSection
	GlobalSection(ProjectConfigurationPlatforms) = postSolution
		{013D18D2-3AFB-4DBB-A341-C5A27C05BC77}.Debug|Any CPU.ActiveCfg = Debug|Any CPU
		{013D18D2-3AFB-4DBB-A341-C5A27C05BC77}.Debug|Any CPU.Build.0 = Debug|Any CPU
		{013D18D2-3AFB-4DBB-A341-C5A27C05BC77}.Release|Any CPU.ActiveCfg = Release|Any CPU
		{013D18D2-3AFB-4DBB-A341-C5A27C05BC77}.Release|Any CPU.Build.0 = Release|Any CPU
		{13E31557-9ADD-4D44-B381-35C5A2DE8DBA}.Debug|Any CPU.ActiveCfg = Debug|Any CPU
		{13E31557-9ADD-4D44-B381-35C5A2DE8DBA}.Debug|Any CPU.Build.0 = Debug|Any CPU
		{13E31557-9ADD-4D44-B381-35C5A2DE8DBA}.Release|Any CPU.ActiveCfg = Release|Any CPU
		{13E31557-9ADD-4D44-B381-35C5A2DE8DBA}.Release|Any CPU.Build.0 = Release|Any CPU
		{2F3C7ED6-19EC-4F5A-AECF-F65982BFA885}.Debug|Any CPU.ActiveCfg = Debug|Any CPU
		{2F3C7ED6-19EC-4F5A-AECF-F65982BFA885}.Debug|Any CPU.Build.0 = Debug|Any CPU
		{2F3C7ED6-19EC-4F5A-AECF-F65982BFA885}.Release|Any CPU.ActiveCfg = Release|Any CPU
		{2F3C7ED6-19EC-4F5A-AECF-F65982BFA885}.Release|Any CPU.Build.0 = Release|Any CPU
		{0D8E426A-D51F-4CB7-B98B-C1712B1262F3}.Debug|Any CPU.ActiveCfg = Debug|Any CPU
		{0D8E426A-D51F-4CB7-B98B-C1712B1262F3}.Debug|Any CPU.Build.0 = Debug|Any CPU
		{0D8E426A-D51F-4CB7-B98B-C1712B1262F3}.Release|Any CPU.ActiveCfg = Release|Any CPU
		{0D8E426A-D51F-4CB7-B98B-C1712B1262F3}.Release|Any CPU.Build.0 = Release|Any CPU
		{627662E7-C3F4-47DE-9AE1-CBBE2DB0EBB0}.Debug|Any CPU.ActiveCfg = Debug|Any CPU
		{627662E7-C3F4-47DE-9AE1-CBBE2DB0EBB0}.Debug|Any CPU.Build.0 = Debug|Any CPU
		{627662E7-C3F4-47DE-9AE1-CBBE2DB0EBB0}.Release|Any CPU.ActiveCfg = Release|Any CPU
		{627662E7-C3F4-47DE-9AE1-CBBE2DB0EBB0}.Release|Any CPU.Build.0 = Release|Any CPU
		{7B4E1AFB-5644-4957-9F74-5BFFFAA193BF}.Debug|Any CPU.ActiveCfg = Debug|Any CPU
		{7B4E1AFB-5644-4957-9F74-5BFFFAA193BF}.Debug|Any CPU.Build.0 = Debug|Any CPU
		{7B4E1AFB-5644-4957-9F74-5BFFFAA193BF}.Release|Any CPU.ActiveCfg = Release|Any CPU
		{7B4E1AFB-5644-4957-9F74-5BFFFAA193BF}.Release|Any CPU.Build.0 = Release|Any CPU
	EndGlobalSection
	GlobalSection(SolutionProperties) = preSolution
		HideSolutionNode = FALSE
	EndGlobalSection
	GlobalSection(NestedProjects) = preSolution
		{02EA681E-C7D8-13C7-8484-4AC65E1B71E8} = {CAA0881E-4B67-433F-95A0-5BE4235361FA}
		{1EE33261-28F4-4DF2-AB76-C89F3A7CEF98} = {CAA0881E-4B67-433F-95A0-5BE4235361FA}
		{CC821D59-4693-4393-9B18-F082CD5505C8} = {CAA0881E-4B67-433F-95A0-5BE4235361FA}
		{013D18D2-3AFB-4DBB-A341-C5A27C05BC77} = {1EE33261-28F4-4DF2-AB76-C89F3A7CEF98}
		{13E31557-9ADD-4D44-B381-35C5A2DE8DBA} = {1EE33261-28F4-4DF2-AB76-C89F3A7CEF98}
		{2F3C7ED6-19EC-4F5A-AECF-F65982BFA885} = {1EE33261-28F4-4DF2-AB76-C89F3A7CEF98}
		{0D8E426A-D51F-4CB7-B98B-C1712B1262F3} = {1EE33261-28F4-4DF2-AB76-C89F3A7CEF98}
		{627662E7-C3F4-47DE-9AE1-CBBE2DB0EBB0} = {1EE33261-28F4-4DF2-AB76-C89F3A7CEF98}
		{7B4E1AFB-5644-4957-9F74-5BFFFAA193BF} = {02EA681E-C7D8-13C7-8484-4AC65E1B71E8}
	EndGlobalSection
	GlobalSection(ExtensibilityGlobals) = postSolution
		SolutionGuid = {914806D7-A76D-48C1-A567-79FA876DDADC}
	EndGlobalSection
EndGlobal
